Microsoft Visual Studio Solution File, Format Version 12.00
# Visual Studio Version 17
VisualStudioVersion = 17.13.35931.197
MinimumVisualStudioVersion = 10.0.40219.1
Project("{FAE04EC0-301F-11D3-BF4B-00C04F79EFBC}") = "velocidad de autos", "velocidad de autos.csproj", "{D9FE86A7-9CD7-4963-82D3-6171082910DF}"
EndProject
Global
	GlobalSection(SolutionConfigurationPlatforms) = preSolution
		Debug|Any CPU = Debug|Any CPU
		Release|Any CPU = Release|Any CPU
	EndGlobalSection
	GlobalSection(ProjectConfigurationPlatforms) = postSolution
		{D9FE86A7-9CD7-4963-82D3-6171082910DF}.Debug|Any CPU.ActiveCfg = Debug|Any CPU
		{D9FE86A7-9CD7-4963-82D3-6171082910DF}.Debug|Any CPU.Build.0 = Debug|Any CPU
		{D9FE86A7-9CD7-4963-82D3-6171082910DF}.Release|Any CPU.ActiveCfg = Release|Any CPU
		{D9FE86A7-9CD7-4963-82D3-6171082910DF}.Release|Any CPU.Build.0 = Release|Any CPU
	EndGlobalSection
	GlobalSection(SolutionProperties) = preSolution
		HideSolutionNode = FALSE
	EndGlobalSection
	GlobalSection(ExtensibilityGlobals) = postSolution
		SolutionGuid = {7BFAE986-7DE1-47F8-BC38-0FC5ACA97B91}
	EndGlobalSection
EndGlobal
